
Microsoft Visual Studio Solution File, Format Version 12.00
# Visual Studio 15
VisualStudioVersion = 15.0.27428.2037
MinimumVisualStudioVersion = 10.0.40219.1
Project("{FAE04EC0-301F-11D3-BF4B-00C04F79EFBC}") = "SnowQueen.TestTask.WPF", "SnowQueen.TestTask.WPF\SnowQueen.TestTask.WPF.csproj", "{AAE7EBFF-3C94-45F8-970D-5310F4FB8F05}"
	ProjectSection(ProjectDependencies) = postProject
		{9DAD4091-7B92-4EEF-B719-04372088E9B0} = {9DAD4091-7B92-4EEF-B719-04372088E9B0}
	EndProjectSection
EndProject
Project("{9A19103F-16F7-4668-BE54-9A1E7A4F7556}") = "SnowQueen.TestTask.DataAccess", "SnowQueen.TestTask.DataAccess\SnowQueen.TestTask.DataAccess.csproj", "{49564BE1-2138-462D-937A-32B66EFDCA62}"
EndProject
Project("{FAE04EC0-301F-11D3-BF4B-00C04F79EFBC}") = "SnowQueen.TestTask.WCFService", "SnowQueen.TestTask.WCFService\SnowQueen.TestTask.WCFService.csproj", "{9DAD4091-7B92-4EEF-B719-04372088E9B0}"
EndProject
Project("{FAE04EC0-301F-11D3-BF4B-00C04F79EFBC}") = "SnowQueen.TestTask.DataComparer", "SnowQueen.TestTask.DataComparer\SnowQueen.TestTask.DataComparer.csproj", "{AC67685A-A1C1-47F1-AC1D-B77E2A5F54E5}"
EndProject
Global
	GlobalSection(SolutionConfigurationPlatforms) = preSolution
		Debug|Any CPU = Debug|Any CPU
		Release|Any CPU = Release|Any CPU
	EndGlobalSection
	GlobalSection(ProjectConfigurationPlatforms) = postSolution
		{AAE7EBFF-3C94-45F8-970D-5310F4FB8F05}.Debug|Any CPU.ActiveCfg = Debug|Any CPU
		{AAE7EBFF-3C94-45F8-970D-5310F4FB8F05}.Debug|Any CPU.Build.0 = Debug|Any CPU
		{AAE7EBFF-3C94-45F8-970D-5310F4FB8F05}.Release|Any CPU.ActiveCfg = Release|Any CPU
		{AAE7EBFF-3C94-45F8-970D-5310F4FB8F05}.Release|Any CPU.Build.0 = Release|Any CPU
		{49564BE1-2138-462D-937A-32B66EFDCA62}.Debug|Any CPU.ActiveCfg = Debug|Any CPU
		{49564BE1-2138-462D-937A-32B66EFDCA62}.Debug|Any CPU.Build.0 = Debug|Any CPU
		{49564BE1-2138-462D-937A-32B66EFDCA62}.Release|Any CPU.ActiveCfg = Release|Any CPU
		{49564BE1-2138-462D-937A-32B66EFDCA62}.Release|Any CPU.Build.0 = Release|Any CPU
		{9DAD4091-7B92-4EEF-B719-04372088E9B0}.Debug|Any CPU.ActiveCfg = Debug|Any CPU
		{9DAD4091-7B92-4EEF-B719-04372088E9B0}.Debug|Any CPU.Build.0 = Debug|Any CPU
		{9DAD4091-7B92-4EEF-B719-04372088E9B0}.Release|Any CPU.ActiveCfg = Release|Any CPU
		{9DAD4091-7B92-4EEF-B719-04372088E9B0}.Release|Any CPU.Build.0 = Release|Any CPU
		{AC67685A-A1C1-47F1-AC1D-B77E2A5F54E5}.Debug|Any CPU.ActiveCfg = Debug|Any CPU
		{AC67685A-A1C1-47F1-AC1D-B77E2A5F54E5}.Debug|Any CPU.Build.0 = Debug|Any CPU
		{AC67685A-A1C1-47F1-AC1D-B77E2A5F54E5}.Release|Any CPU.ActiveCfg = Release|Any CPU
		{AC67685A-A1C1-47F1-AC1D-B77E2A5F54E5}.Release|Any CPU.Build.0 = Release|Any CPU
	EndGlobalSection
	GlobalSection(SolutionProperties) = preSolution
		HideSolutionNode = FALSE
	EndGlobalSection
	GlobalSection(ExtensibilityGlobals) = postSolution
		SolutionGuid = {675166E0-1B75-428B-A6A3-E2B3CD19A7D6}
	EndGlobalSection
EndGlobal
